github.com/alexnorell/hugo-theme-m10c v0.0.0-20240203033401-44d8e5ba6060 h1:244Q9pAUEAJcZODvdJy8FgHlp0MptKnYDjrMR8zmkgU=
github.com/alexnorell/hugo-theme-m10c v0.0.0-20240203033401-44d8e5ba6060/go.mod h1:K1PqUfHeqG5V5jsoQkWsKnDkLCcOaPuFBlg/6gBslU8=
github.com/alexnorell/hugo-theme-m10c v0.0.0-20240612234408-336c8e97f8e6 h1:BZcEoZPDkJE60OUEVbIlPCbloD9M+DaLXiPwgAXiA9M=
github.com/alexnorell/hugo-theme-m10c v0.0.0-20240612234408-336c8e97f8e6/go.mod h1:SN/2MRUYgcXV23RfIvIAXNR3gjyLscRY6up268lEEBs=
github.com/alexnorell/hugo-theme-m10c v0.0.0-20240614234701-30fe9da031c4 h1:GhJRqRQRA+WOOHwGB6Om16b2gfWphOkOgu1UwgE7ac0=
github.com/alexnorell/hugo-theme-m10c v0.0.0-20240614234701-30fe9da031c4/go.mod h1:SN/2MRUYgcXV23RfIvIAXNR3gjyLscRY6up268lEEBs=
github.com/alexnorell/hugo-theme-m10c v0.0.0-20240615205521-a8912bc4daa0 h1:gm8oUyz27ctevPVneydDUSwkEqr1A3PPXxo8ulst0O4=
github.com/alexnorell/hugo-theme-m10c v0.0.0-20240615205521-a8912bc4daa0/go.mod h1:SN/2MRUYgcXV23RfIvIAXNR3gjyLscRY6up268lEEBs=
