github.com/alexnorell/hugo-theme-m10c v0.0.0-20240203033401-44d8e5ba6060 h1:244Q9pAUEAJcZODvdJy8FgHlp0MptKnYDjrMR8zmkgU=
github.com/alexnorell/hugo-theme-m10c v0.0.0-20240203033401-44d8e5ba6060/go.mod h1:K1PqUfHeqG5V5jsoQkWsKnDkLCcOaPuFBlg/6gBslU8=
github.com/alexnorell/hugo-theme-m10c v0.0.0-20240612234408-336c8e97f8e6 h1:BZcEoZPDkJE60OUEVbIlPCbloD9M+DaLXiPwgAXiA9M=
github.com/alexnorell/hugo-theme-m10c v0.0.0-20240612234408-336c8e97f8e6/go.mod h1:SN/2MRUYgcXV23RfIvIAXNR3gjyLscRY6up268lEEBs=
github.com/alexnorell/hugo-theme-m10c v0.0.0-20240614234701-30fe9da031c4 h1:GhJRqRQRA+WOOHwGB6Om16b2gfWphOkOgu1UwgE7ac0=
github.com/alexnorell/hugo-theme-m10c v0.0.0-20240614234701-30fe9da031c4/go.mod h1:SN/2MRUYgcXV23RfIvIAXNR3gjyLscRY6up268lEEBs=
github.com/alexnorell/hugo-theme-m10c v0.0.0-20240615205521-a8912bc4daa0 h1:gm8oUyz27ctevPVneydDUSwkEqr1A3PPXxo8ulst0O4=
github.com/alexnorell/hugo-theme-m10c v0.0.0-20240615205521-a8912bc4daa0/go.mod h1:SN/2MRUYgcXV23RfIvIAXNR3gjyLscRY6up268lEEBs=
github.com/alexnorell/hugo-theme-m10c v0.0.0-20240618222832-267730bd6bee h1:VyL05+cDvfbYMVQllIN1voYATG4eyx/FJtcYWn6wDUM=
github.com/alexnorell/hugo-theme-m10c v0.0.0-20240618222832-267730bd6bee/go.mod h1:SN/2MRUYgcXV23RfIvIAXNR3gjyLscRY6up268lEEBs=
github.com/alexnorell/hugo-theme-m10c v0.0.0-20240618230534-041a2403d763 h1:a17qlpTcNU8PVdf3DD8vJVw+MJGpxGKeqohrIatUoPA=
github.com/alexnorell/hugo-theme-m10c v0.0.0-20240618230534-041a2403d763/go.mod h1:SN/2MRUYgcXV23RfIvIAXNR3gjyLscRY6up268lEEBs=
github.com/alexnorell/hugo-theme-m10c v0.0.0-20240618233152-f8ca5824c6d4 h1:wSyy9YFzHBZ1fE0EK2B0zwMEIs6f98MkHYGBreCtOo0=
github.com/alexnorell/hugo-theme-m10c v0.0.0-20240618233152-f8ca5824c6d4/go.mod h1:SN/2MRUYgcXV23RfIvIAXNR3gjyLscRY6up268lEEBs=
github.com/alexnorell/hugo-theme-m10c v0.0.0-20240619003301-6ec9cedf735d h1:+nogPPh1da0Cl+h689Woz8UqIANiOpF+ePaeTyr+SDw=
github.com/alexnorell/hugo-theme-m10c v0.0.0-20240619003301-6ec9cedf735d/go.mod h1:SN/2MRUYgcXV23RfIvIAXNR3gjyLscRY6up268lEEBs=
github.com/alexnorell/hugo-theme-m10c v0.0.0-20240622150016-7fac25e01d08 h1:tCXqAhyUV4Db4x+8NJE58jMOv9QPY97Vw2QblkM1y18=
github.com/alexnorell/hugo-theme-m10c v0.0.0-20240622150016-7fac25e01d08/go.mod h1:SN/2MRUYgcXV23RfIvIAXNR3gjyLscRY6up268lEEBs=
github.com/alexnorell/hugo-theme-m10c v0.0.0-20240706100911-11911a4e32bc h1:JwnamSiH1N4w5FgU0hLL7Hp0zib50MdME9WrKC2IODs=
github.com/alexnorell/hugo-theme-m10c v0.0.0-20240706100911-11911a4e32bc/go.mod h1:SN/2MRUYgcXV23RfIvIAXNR3gjyLscRY6up268lEEBs=
