github.com/alexnorell/hugo-theme-m10c v0.0.0-20240203033401-44d8e5ba6060 h1:244Q9pAUEAJcZODvdJy8FgHlp0MptKnYDjrMR8zmkgU=
github.com/alexnorell/hugo-theme-m10c v0.0.0-20240203033401-44d8e5ba6060/go.mod h1:K1PqUfHeqG5V5jsoQkWsKnDkLCcOaPuFBlg/6gBslU8=
github.com/alexnorell/hugo-theme-m10c v0.0.0-20240612234408-336c8e97f8e6 h1:BZcEoZPDkJE60OUEVbIlPCbloD9M+DaLXiPwgAXiA9M=
github.com/alexnorell/hugo-theme-m10c v0.0.0-20240612234408-336c8e97f8e6/go.mod h1:SN/2MRUYgcXV23RfIvIAXNR3gjyLscRY6up268lEEBs=
